// !$*UTF8*$!
{
	archiveVersion = 1;
	classes = {
	};
	objectVersion = 46;
	objects = {

/* Begin PBXBuildFile section */
		6027479F1D8FC3C900FACC43 /* DTTestViewController.m in Sources */ = {isa = PBXBuildFile; fileRef = 6027479E1D8FC3C900FACC43 /* DTTestViewController.m */; };
		60F44E281D87EB9F002CD377 /* main.m in Sources */ = {isa = PBXBuildFile; fileRef = 60F44E271D87EB9F002CD377 /* main.m */; };
		60F44E2B1D87EB9F002CD377 /* AppDelegate.m in Sources */ = {isa = PBXBuildFile; fileRef = 60F44E2A1D87EB9F002CD377 /* AppDelegate.m */; };
		60F44E2D1D87EB9F002CD377 /* Assets.xcassets in Resources */ = {isa = PBXBuildFile; fileRef = 60F44E2C1D87EB9F002CD377 /* Assets.xcassets */; };
		60F44E301D87EB9F002CD377 /* LaunchScreen.storyboard in Resources */ = {isa = PBXBuildFile; fileRef = 60F44E2E1D87EB9F002CD377 /* LaunchScreen.storyboard */; };
/* End PBXBuildFile section */

/* Begin PBXFileReference section */
		6027479D1D8FC3C900FACC43 /* DTTestViewController.h */ = {isa = PBXFileReference; fileEncoding = 4; lastKnownFileType = sourcecode.c.h; path = DTTestViewController.h; sourceTree = "<group>"; };
		6027479E1D8FC3C900FACC43 /* DTTestViewController.m */ = {isa = PBXFileReference; fileEncoding = 4; lastKnownFileType = sourcecode.c.objc; path = DTTestViewController.m; sourceTree = "<group>"; };
		60F44E231D87EB9F002CD377 /* DTKitDemo.app */ = {isa = PBXFileReference; explicitFileType = wrapper.application; includeInIndex = 0; path = DTKitDemo.app; sourceTree = BUILT_PRODUCTS_DIR; };
		60F44E271D87EB9F002CD377 /* main.m */ = {isa = PBXFileReference; lastKnownFileType = sourcecode.c.objc; path = main.m; sourceTree = "<group>"; };
		60F44E291D87EB9F002CD377 /* AppDelegate.h */ = {isa = PBXFileReference; lastKnownFileType = sourcecode.c.h; path = AppDelegate.h; sourceTree = "<group>"; };
		60F44E2A1D87EB9F002CD377 /* AppDelegate.m */ = {isa = PBXFileReference; lastKnownFileType = sourcecode.c.objc; path = AppDelegate.m; sourceTree = "<group>"; };
		60F44E2C1D87EB9F002CD377 /* Assets.xcassets */ = {isa = PBXFileReference; lastKnownFileType = folder.assetcatalog; path = Assets.xcassets; sourceTree = "<group>"; };
		60F44E2F1D87EB9F002CD377 /* Base */ = {isa = PBXFileReference; lastKnownFileType = file.storyboard; name = Base; path = Base.lproj/LaunchScreen.storyboard; sourceTree = "<group>"; };
		60F44E311D87EB9F002CD377 /* Info.plist */ = {isa = PBXFileReference; lastKnownFileType = text.plist.xml; path = Info.plist; sourceTree = "<group>"; };
/* End PBXFileReference section */

/* Begin PBXFrameworksBuildPhase section */
		60F44E201D87EB9F002CD377 /* Frameworks */ = {
			isa = PBXFrameworksBuildPhase;
			buildActionMask = 2147483647;
			files = (
			);
			runOnlyForDeploymentPostprocessing = 0;
		};
/* End PBXFrameworksBuildPhase section */

/* Begin PBXGroup section */
		60F44E1A1D87EB9F002CD377 = {
			isa = PBXGroup;
			children = (
				60F44E251D87EB9F002CD377 /* DTKitDemo */,
				60F44E241D87EB9F002CD377 /* Products */,
			);
			sourceTree = "<group>";
		};
		60F44E241D87EB9F002CD377 /* Products */ = {
			isa = PBXGroup;
			children = (
				60F44E231D87EB9F002CD377 /* DTKitDemo.app */,
			);
			name = Products;
			sourceTree = "<group>";
		};
		60F44E251D87EB9F002CD377 /* DTKitDemo */ = {
			isa = PBXGroup;
			children = (
				60F44E291D87EB9F002CD377 /* AppDelegate.h */,
				60F44E2A1D87EB9F002CD377 /* AppDelegate.m */,
				6027479D1D8FC3C900FACC43 /* DTTestViewController.h */,
				6027479E1D8FC3C900FACC43 /* DTTestViewController.m */,
				60F44E2C1D87EB9F002CD377 /* Assets.xcassets */,
				60F44E2E1D87EB9F002CD377 /* LaunchScreen.storyboard */,
				60F44E311D87EB9F002CD377 /* Info.plist */,
				60F44E261D87EB9F002CD377 /* Supporting Files */,
			);
			path = DTKitDemo;
			sourceTree = "<group>";
		};
		60F44E261D87EB9F002CD377 /* Supporting Files */ = {
			isa = PBXGroup;
			children = (
				60F44E271D87EB9F002CD377 /* main.m */,
			);
			name = "Supporting Files";
			sourceTree = "<group>";
		};
/* End PBXGroup section */

/* Begin PBXNativeTarget section */
		60F44E221D87EB9F002CD377 /* DTKitDemo */ = {
			isa = PBXNativeTarget;
			buildConfigurationList = 60F44E341D87EB9F002CD377 /* Build configuration list for PBXNativeTarget "DTKitDemo" */;
			buildPhases = (
				60F44E1F1D87EB9F002CD377 /* Sources */,
				60F44E201D87EB9F002CD377 /* Frameworks */,
				60F44E211D87EB9F002CD377 /* Resources */,
			);
			buildRules = (
			);
			dependencies = (
			);
			name = DTKitDemo;
			productName = DTKitDemo;
			productReference = 60F44E231D87EB9F002CD377 /* DTKitDemo.app */;
			productType = "com.apple.product-type.application";
		};
/* End PBXNativeTarget section */

/* Begin PBXProject section */
		60F44E1B1D87EB9F002CD377 /* Project object */ = {
			isa = PBXProject;
			attributes = {
				LastUpgradeCheck = 0800;
				ORGANIZATIONNAME = zhaojh;
				TargetAttributes = {
					60F44E221D87EB9F002CD377 = {
						CreatedOnToolsVersion = 7.3.1;
						DevelopmentTeam = 834DBS389Z;
					};
				};
			};
			buildConfigurationList = 60F44E1E1D87EB9F002CD377 /* Build configuration list for PBXProject "DTKitDemo" */;
			compatibilityVersion = "Xcode 3.2";
			developmentRegion = English;
			hasScannedForEncodings = 0;
			knownRegions = (
				en,
				Base,
			);
			mainGroup = 60F44E1A1D87EB9F002CD377;
			productRefGroup = 60F44E241D87EB9F002CD377 /* Products */;
			projectDirPath = "";
			projectRoot = "";
			targets = (
				60F44E221D87EB9F002CD377 /* DTKitDemo */,
			);
		};
/* End PBXProject section */

/* Begin PBXResourcesBuildPhase section */
		60F44E211D87EB9F002CD377 /* Resources */ = {
			isa = PBXResourcesBuildPhase;
			buildActionMask = 2147483647;
			files = (
				60F44E2D1D87EB9F002CD377 /* Assets.xcassets in Resources */,
				60F44E301D87EB9F002CD377 /* LaunchScreen.storyboard in Resources */,
			);
			runOnlyForDeploymentPostprocessing = 0;
		};
/* End PBXResourcesBuildPhase section */

/* Begin PBXSourcesBuildPhase section */
		60F44E1F1D87EB9F002CD377 /* Sources */ = {
			isa = PBXSourcesBuildPhase;
			buildActionMask = 2147483647;
			files = (
				6027479F1D8FC3C900FACC43 /* DTTestViewController.m in Sources */,
				60F44E2B1D87EB9F002CD377 /* AppDelegate.m in Sources */,
				60F44E281D87EB9F002CD377 /* main.m in Sources */,
			);
			runOnlyForDeploymentPostprocessing = 0;
		};
/* End PBXSourcesBuildPhase section */

/* Begin PBXVariantGroup section */
		60F44E2E1D87EB9F002CD377 /* LaunchScreen.storyboard */ = {
			isa = PBXVariantGroup;
			children = (
				60F44E2F1D87EB9F002CD377 /* Base */,
			);
			name = LaunchScreen.storyboard;
			sourceTree = "<group>";
		};
/* End PBXVariantGroup section */

/* Begin XCBuildConfiguration section */
		60F44E321D87EB9F002CD377 /* Debug */ = {
			isa = XCBuildConfiguration;
			buildSettings = {
				ALWAYS_SEARCH_USER_PATHS = NO;
				CLANG_ANALYZER_NONNULL = YES;
				CLANG_CXX_LANGUAGE_STANDARD = "gnu++0x";
				CLANG_CXX_LIBRARY = "libc++";
				CLANG_ENABLE_MODULES = YES;
				CLANG_ENABLE_OBJC_ARC = YES;
				CLANG_WARN_BOOL_CONVERSION = YES;
				CLANG_WARN_CONSTANT_CONVERSION = YES;
				CLANG_WARN_DIRECT_OBJC_ISA_USAGE = YES_ERROR;
				CLANG_WARN_EMPTY_BODY = YES;
				CLANG_WARN_ENUM_CONVERSION = YES;
				CLANG_WARN_INFINITE_RECURSION = YES;
				CLANG_WARN_INT_CONVERSION = YES;
				CLANG_WARN_OBJC_ROOT_CLASS = YES_ERROR;
				CLANG_WARN_SUSPICIOUS_MOVE = YES;
				CLANG_WARN_UNREACHABLE_CODE = YES;
				CLANG_WARN__DUPLICATE_METHOD_MATCH = YES;
				"CODE_SIGN_IDENTITY[sdk=iphoneos*]" = "iPhone Developer";
				COPY_PHASE_STRIP = NO;
				DEBUG_INFORMATION_FORMAT = dwarf;
				ENABLE_STRICT_OBJC_MSGSEND = YES;
				ENABLE_TESTABILITY = YES;
				GCC_C_LANGUAGE_STANDARD = gnu99;
				GCC_DYNAMIC_NO_PIC = NO;
				GCC_NO_COMMON_BLOCKS = YES;
				GCC_OPTIMIZATION_LEVEL = 0;
				GCC_PREPROCESSOR_DEFINITIONS = (
					"DEBUG=1",
					"$(inherited)",
				);
				GCC_WARN_64_TO_32_BIT_CONVERSION = YES;
				GCC_WARN_ABOUT_RETURN_TYPE = YES_ERROR;
				GCC_WARN_UNDECLARED_SELECTOR = YES;
				GCC_WARN_UNINITIALIZED_AUTOS = YES_AGGRESSIVE;
				GCC_WARN_UNUSED_FUNCTION = YES;
				GCC_WARN_UNUSED_VARIABLE = YES;
				IPHONEOS_DEPLOYMENT_TARGET = 9.3;
				MTL_ENABLE_DEBUG_INFO = YES;
				ONLY_ACTIVE_ARCH = YES;
				SDKROOT = iphoneos;
			};
			name = Debug;
		};
		60F44E331D87EB9F002CD377 /* Release */ = {
			isa = XCBuildConfiguration;
			buildSettings = {
				ALWAYS_SEARCH_USER_PATHS = NO;
				CLANG_ANALYZER_NONNULL = YES;
				CLANG_CXX_LANGUAGE_STANDARD = "gnu++0x";
				CLANG_CXX_LIBRARY = "libc++";
				CLANG_ENABLE_MODULES = YES;
				CLANG_ENABLE_OBJC_ARC = YES;
				CLANG_WARN_BOOL_CONVERSION = YES;
				CLANG_WARN_CONSTANT_CONVERSION = YES;
				CLANG_WARN_DIRECT_OBJC_ISA_USAGE = YES_ERROR;
				CLANG_WARN_EMPTY_BODY = YES;
				CLANG_WARN_ENUM_CONVERSION = YES;
				CLANG_WARN_INFINITE_RECURSION = YES;
				CLANG_WARN_INT_CONVERSION = YES;
				CLANG_WARN_OBJC_ROOT_CLASS = YES_ERROR;
				CLANG_WARN_SUSPICIOUS_MOVE = YES;
				CLANG_WARN_UNREACHABLE_CODE = YES;
				CLANG_WARN__DUPLICATE_METHOD_MATCH = YES;
				"CODE_SIGN_IDENTITY[sdk=iphoneos*]" = "iPhone Developer";
				COPY_PHASE_STRIP = NO;
				DEBUG_INFORMATION_FORMAT = "dwarf-with-dsym";
				ENABLE_NS_ASSERTIONS = NO;
				ENABLE_STRICT_OBJC_MSGSEND = YES;
				GCC_C_LANGUAGE_STANDARD = gnu99;
				GCC_NO_COMMON_BLOCKS = YES;
				GCC_WARN_64_TO_32_BIT_CONVERSION = YES;
				GCC_WARN_ABOUT_RETURN_TYPE = YES_ERROR;
				GCC_WARN_UNDECLARED_SELECTOR = YES;
				GCC_WARN_UNINITIALIZED_AUTOS = YES_AGGRESSIVE;
				GCC_WARN_UNUSED_FUNCTION = YES;
				GCC_WARN_UNUSED_VARIABLE = YES;
				IPHONEOS_DEPLOYMENT_TARGET = 9.3;
				MTL_ENABLE_DEBUG_INFO = NO;
				SDKROOT = iphoneos;
				VALIDATE_PRODUCT = YES;
			};
			name = Release;
		};
		60F44E351D87EB9F002CD377 /* Debug */ = {
			isa = XCBuildConfiguration;
			buildSettings = {
				ASSETCATALOG_COMPILER_APPICON_NAME = AppIcon;
				DEVELOPMENT_TEAM = 834DBS389Z;
				INFOPLIST_FILE = DTKitDemo/Info.plist;
				LD_RUNPATH_SEARCH_PATHS = "$(inherited) @executable_path/Frameworks";
				PRODUCT_BUNDLE_IDENTIFIER = com.lebopark.DTKitDemo;
				PRODUCT_NAME = "$(TARGET_NAME)";
			};
			name = Debug;
		};
		60F44E361D87EB9F002CD377 /* Release */ = {
			isa = XCBuildConfiguration;
			buildSettings = {
				ASSETCATALOG_COMPILER_APPICON_NAME = AppIcon;
				DEVELOPMENT_TEAM = 834DBS389Z;
				INFOPLIST_FILE = DTKitDemo/Info.plist;
				LD_RUNPATH_SEARCH_PATHS = "$(inherited) @executable_path/Frameworks";
				PRODUCT_BUNDLE_IDENTIFIER = com.lebopark.DTKitDemo;
				PRODUCT_NAME = "$(TARGET_NAME)";
			};
			name = Release;
		};
/* End XCBuildConfiguration section */

/* Begin XCConfigurationList section */
		60F44E1E1D87EB9F002CD377 /* Build configuration list for PBXProject "DTKitDemo" */ = {
			isa = XCConfigurationList;
			buildConfigurations = (
				60F44E321D87EB9F002CD377 /* Debug */,
				60F44E331D87EB9F002CD377 /* Release */,
			);
			defaultConfigurationIsVisible = 0;
			defaultConfigurationName = Release;
		};
		60F44E341D87EB9F002CD377 /* Build configuration list for PBXNativeTarget "DTKitDemo" */ = {
			isa = XCConfigurationList;
			buildConfigurations = (
				60F44E351D87EB9F002CD377 /* Debug */,
				60F44E361D87EB9F002CD377 /* Release */,
			);
			defaultConfigurationIsVisible = 0;
			defaultConfigurationName = Release;
		};
/* End XCConfigurationList section */
	};
	rootObject = 60F44E1B1D87EB9F002CD377 /* Project object */;
}
