// !$*UTF8*$!
{
	archiveVersion = 1;
	classes = {
	};
	objectVersion = 46;
	objects = {

/* Begin PBXBuildFile section */
		6027479F1D8FC3C900FACC43 /* DTTestViewController.m in Sources */ = {isa = PBXBuildFile; fileRef = 6027479E1D8FC3C900FACC43 /* DTTestViewController.m */; };
		602747F81D8FD20200FACC43 /* DTTools.m in Sources */ = {isa = PBXBuildFile; fileRef = 602747A91D8FD20200FACC43 /* DTTools.m */; };
		602747F91D8FD20200FACC43 /* NSArray+Expand.m in Sources */ = {isa = PBXBuildFile; fileRef = 602747AC1D8FD20200FACC43 /* NSArray+Expand.m */; };
		602747FA1D8FD20200FACC43 /* NSDate+Expand.m in Sources */ = {isa = PBXBuildFile; fileRef = 602747AE1D8FD20200FACC43 /* NSDate+Expand.m */; };
		602747FB1D8FD20200FACC43 /* NSDictionary+Expand.m in Sources */ = {isa = PBXBuildFile; fileRef = 602747B01D8FD20200FACC43 /* NSDictionary+Expand.m */; };
		602747FC1D8FD20200FACC43 /* NSFileManager+Expand.m in Sources */ = {isa = PBXBuildFile; fileRef = 602747B21D8FD20200FACC43 /* NSFileManager+Expand.m */; };
		602747FD1D8FD20200FACC43 /* NSObject+Expand.m in Sources */ = {isa = PBXBuildFile; fileRef = 602747B41D8FD20200FACC43 /* NSObject+Expand.m */; };
		602747FE1D8FD20200FACC43 /* NSObject+GCD.m in Sources */ = {isa = PBXBuildFile; fileRef = 602747B61D8FD20200FACC43 /* NSObject+GCD.m */; };
		602747FF1D8FD20200FACC43 /* NSObject+Notification.m in Sources */ = {isa = PBXBuildFile; fileRef = 602747B81D8FD20200FACC43 /* NSObject+Notification.m */; };
		602748001D8FD20200FACC43 /* NSObject+SEL.m in Sources */ = {isa = PBXBuildFile; fileRef = 602747BA1D8FD20200FACC43 /* NSObject+SEL.m */; };
		602748011D8FD20200FACC43 /* NSString+Expand.m in Sources */ = {isa = PBXBuildFile; fileRef = 602747BC1D8FD20200FACC43 /* NSString+Expand.m */; };
		602748021D8FD20200FACC43 /* NSString+Regular.m in Sources */ = {isa = PBXBuildFile; fileRef = 602747BE1D8FD20200FACC43 /* NSString+Regular.m */; };
		602748031D8FD20200FACC43 /* NSTimer+Expand.m in Sources */ = {isa = PBXBuildFile; fileRef = 602747C01D8FD20200FACC43 /* NSTimer+Expand.m */; };
		602748041D8FD20200FACC43 /* UIButton+Expand.m in Sources */ = {isa = PBXBuildFile; fileRef = 602747C31D8FD20200FACC43 /* UIButton+Expand.m */; };
		602748051D8FD20200FACC43 /* UIColor+Expand.m in Sources */ = {isa = PBXBuildFile; fileRef = 602747C51D8FD20200FACC43 /* UIColor+Expand.m */; };
		602748061D8FD20200FACC43 /* UIDevice+Expand.m in Sources */ = {isa = PBXBuildFile; fileRef = 602747C71D8FD20200FACC43 /* UIDevice+Expand.m */; };
		602748071D8FD20200FACC43 /* UIImage+Expand.m in Sources */ = {isa = PBXBuildFile; fileRef = 602747C91D8FD20200FACC43 /* UIImage+Expand.m */; };
		602748081D8FD20200FACC43 /* UITableView+Expand.m in Sources */ = {isa = PBXBuildFile; fileRef = 602747CB1D8FD20200FACC43 /* UITableView+Expand.m */; };
		602748091D8FD20200FACC43 /* UIView+Animation.m in Sources */ = {isa = PBXBuildFile; fileRef = 602747CD1D8FD20200FACC43 /* UIView+Animation.m */; };
		6027480A1D8FD20200FACC43 /* UIView+Background.m in Sources */ = {isa = PBXBuildFile; fileRef = 602747CF1D8FD20200FACC43 /* UIView+Background.m */; };
		6027480B1D8FD20200FACC43 /* UIView+Expand.m in Sources */ = {isa = PBXBuildFile; fileRef = 602747D11D8FD20200FACC43 /* UIView+Expand.m */; };
		6027480C1D8FD20200FACC43 /* UIView+Frame.m in Sources */ = {isa = PBXBuildFile; fileRef = 602747D31D8FD20200FACC43 /* UIView+Frame.m */; };
		6027480D1D8FD20200FACC43 /* UIView+Gesture.m in Sources */ = {isa = PBXBuildFile; fileRef = 602747D51D8FD20200FACC43 /* UIView+Gesture.m */; };
		6027480E1D8FD20200FACC43 /* UIView+Layer.m in Sources */ = {isa = PBXBuildFile; fileRef = 602747D71D8FD20200FACC43 /* UIView+Layer.m */; };
		6027480F1D8FD20200FACC43 /* UIViewController+Expand.m in Sources */ = {isa = PBXBuildFile; fileRef = 602747D91D8FD20200FACC43 /* UIViewController+Expand.m */; };
		602748101D8FD20200FACC43 /* DTBaseNavigationController.m in Sources */ = {isa = PBXBuildFile; fileRef = 602747DC1D8FD20200FACC43 /* DTBaseNavigationController.m */; };
		602748111D8FD20200FACC43 /* DTBaseTableViewController.m in Sources */ = {isa = PBXBuildFile; fileRef = 602747DE1D8FD20200FACC43 /* DTBaseTableViewController.m */; };
		602748121D8FD20200FACC43 /* DTBaseViewController.m in Sources */ = {isa = PBXBuildFile; fileRef = 602747E01D8FD20200FACC43 /* DTBaseViewController.m */; };
		602748131D8FD20200FACC43 /* DTGroupTableViewController.m in Sources */ = {isa = PBXBuildFile; fileRef = 602747E21D8FD20200FACC43 /* DTGroupTableViewController.m */; };
		602748141D8FD20200FACC43 /* DTWebViewController.m in Sources */ = {isa = PBXBuildFile; fileRef = 602747E41D8FD20200FACC43 /* DTWebViewController.m */; };
		602748151D8FD20200FACC43 /* DTNetworkInfo.m in Sources */ = {isa = PBXBuildFile; fileRef = 602747E81D8FD20200FACC43 /* DTNetworkInfo.m */; };
		602748161D8FD20200FACC43 /* DTTakePhoto.m in Sources */ = {isa = PBXBuildFile; fileRef = 602747EA1D8FD20200FACC43 /* DTTakePhoto.m */; };
		602748171D8FD20200FACC43 /* DTAlertView.m in Sources */ = {isa = PBXBuildFile; fileRef = 602747ED1D8FD20200FACC43 /* DTAlertView.m */; };
		602748181D8FD20200FACC43 /* DTButton.m in Sources */ = {isa = PBXBuildFile; fileRef = 602747EF1D8FD20200FACC43 /* DTButton.m */; };
		602748191D8FD20200FACC43 /* DTDateView.m in Sources */ = {isa = PBXBuildFile; fileRef = 602747F11D8FD20200FACC43 /* DTDateView.m */; };
		6027481A1D8FD20200FACC43 /* DTNavigationBar.m in Sources */ = {isa = PBXBuildFile; fileRef = 602747F31D8FD20200FACC43 /* DTNavigationBar.m */; };
		6027481B1D8FD20200FACC43 /* DTSegmentButton.m in Sources */ = {isa = PBXBuildFile; fileRef = 602747F51D8FD20200FACC43 /* DTSegmentButton.m */; };
		6027481C1D8FD20200FACC43 /* DTShadowView.m in Sources */ = {isa = PBXBuildFile; fileRef = 602747F71D8FD20200FACC43 /* DTShadowView.m */; };
		60F44E281D87EB9F002CD377 /* main.m in Sources */ = {isa = PBXBuildFile; fileRef = 60F44E271D87EB9F002CD377 /* main.m */; };
		60F44E2B1D87EB9F002CD377 /* AppDelegate.m in Sources */ = {isa = PBXBuildFile; fileRef = 60F44E2A1D87EB9F002CD377 /* AppDelegate.m */; };
		60F44E2D1D87EB9F002CD377 /* Assets.xcassets in Resources */ = {isa = PBXBuildFile; fileRef = 60F44E2C1D87EB9F002CD377 /* Assets.xcassets */; };
		60F44E301D87EB9F002CD377 /* LaunchScreen.storyboard in Resources */ = {isa = PBXBuildFile; fileRef = 60F44E2E1D87EB9F002CD377 /* LaunchScreen.storyboard */; };
/* End PBXBuildFile section */

/* Begin PBXFileReference section */
		6027479D1D8FC3C900FACC43 /* DTTestViewController.h */ = {isa = PBXFileReference; fileEncoding = 4; lastKnownFileType = sourcecode.c.h; path = DTTestViewController.h; sourceTree = "<group>"; };
		6027479E1D8FC3C900FACC43 /* DTTestViewController.m */ = {isa = PBXFileReference; fileEncoding = 4; lastKnownFileType = sourcecode.c.objc; path = DTTestViewController.m; sourceTree = "<group>"; };
		602747A61D8FD20200FACC43 /* DTKitMacro.h */ = {isa = PBXFileReference; fileEncoding = 4; lastKnownFileType = sourcecode.c.h; path = DTKitMacro.h; sourceTree = "<group>"; };
		602747A71D8FD20200FACC43 /* DTSingleton.h */ = {isa = PBXFileReference; fileEncoding = 4; lastKnownFileType = sourcecode.c.h; path = DTSingleton.h; sourceTree = "<group>"; };
		602747A81D8FD20200FACC43 /* DTTools.h */ = {isa = PBXFileReference; fileEncoding = 4; lastKnownFileType = sourcecode.c.h; path = DTTools.h; sourceTree = "<group>"; };
		602747A91D8FD20200FACC43 /* DTTools.m */ = {isa = PBXFileReference; fileEncoding = 4; lastKnownFileType = sourcecode.c.objc; path = DTTools.m; sourceTree = "<group>"; };
		602747AB1D8FD20200FACC43 /* NSArray+Expand.h */ = {isa = PBXFileReference; fileEncoding = 4; lastKnownFileType = sourcecode.c.h; path = "NSArray+Expand.h"; sourceTree = "<group>"; };
		602747AC1D8FD20200FACC43 /* NSArray+Expand.m */ = {isa = PBXFileReference; fileEncoding = 4; lastKnownFileType = sourcecode.c.objc; path = "NSArray+Expand.m"; sourceTree = "<group>"; };
		602747AD1D8FD20200FACC43 /* NSDate+Expand.h */ = {isa = PBXFileReference; fileEncoding = 4; lastKnownFileType = sourcecode.c.h; path = "NSDate+Expand.h"; sourceTree = "<group>"; };
		602747AE1D8FD20200FACC43 /* NSDate+Expand.m */ = {isa = PBXFileReference; fileEncoding = 4; lastKnownFileType = sourcecode.c.objc; path = "NSDate+Expand.m"; sourceTree = "<group>"; };
		602747AF1D8FD20200FACC43 /* NSDictionary+Expand.h */ = {isa = PBXFileReference; fileEncoding = 4; lastKnownFileType = sourcecode.c.h; path = "NSDictionary+Expand.h"; sourceTree = "<group>"; };
		602747B01D8FD20200FACC43 /* NSDictionary+Expand.m */ = {isa = PBXFileReference; fileEncoding = 4; lastKnownFileType = sourcecode.c.objc; path = "NSDictionary+Expand.m"; sourceTree = "<group>"; };
		602747B11D8FD20200FACC43 /* NSFileManager+Expand.h */ = {isa = PBXFileReference; fileEncoding = 4; lastKnownFileType = sourcecode.c.h; path = "NSFileManager+Expand.h"; sourceTree = "<group>"; };
		602747B21D8FD20200FACC43 /* NSFileManager+Expand.m */ = {isa = PBXFileReference; fileEncoding = 4; lastKnownFileType = sourcecode.c.objc; path = "NSFileManager+Expand.m"; sourceTree = "<group>"; };
		602747B31D8FD20200FACC43 /* NSObject+Expand.h */ = {isa = PBXFileReference; fileEncoding = 4; lastKnownFileType = sourcecode.c.h; path = "NSObject+Expand.h"; sourceTree = "<group>"; };
		602747B41D8FD20200FACC43 /* NSObject+Expand.m */ = {isa = PBXFileReference; fileEncoding = 4; lastKnownFileType = sourcecode.c.objc; path = "NSObject+Expand.m"; sourceTree = "<group>"; };
		602747B51D8FD20200FACC43 /* NSObject+GCD.h */ = {isa = PBXFileReference; fileEncoding = 4; lastKnownFileType = sourcecode.c.h; path = "NSObject+GCD.h"; sourceTree = "<group>"; };
		602747B61D8FD20200FACC43 /* NSObject+GCD.m */ = {isa = PBXFileReference; fileEncoding = 4; lastKnownFileType = sourcecode.c.objc; path = "NSObject+GCD.m"; sourceTree = "<group>"; };
		602747B71D8FD20200FACC43 /* NSObject+Notification.h */ = {isa = PBXFileReference; fileEncoding = 4; lastKnownFileType = sourcecode.c.h; path = "NSObject+Notification.h"; sourceTree = "<group>"; };
		602747B81D8FD20200FACC43 /* NSObject+Notification.m */ = {isa = PBXFileReference; fileEncoding = 4; lastKnownFileType = sourcecode.c.objc; path = "NSObject+Notification.m"; sourceTree = "<group>"; };
		602747B91D8FD20200FACC43 /* NSObject+SEL.h */ = {isa = PBXFileReference; fileEncoding = 4; lastKnownFileType = sourcecode.c.h; path = "NSObject+SEL.h"; sourceTree = "<group>"; };
		602747BA1D8FD20200FACC43 /* NSObject+SEL.m */ = {isa = PBXFileReference; fileEncoding = 4; lastKnownFileType = sourcecode.c.objc; path = "NSObject+SEL.m"; sourceTree = "<group>"; };
		602747BB1D8FD20200FACC43 /* NSString+Expand.h */ = {isa = PBXFileReference; fileEncoding = 4; lastKnownFileType = sourcecode.c.h; path = "NSString+Expand.h"; sourceTree = "<group>"; };
		602747BC1D8FD20200FACC43 /* NSString+Expand.m */ = {isa = PBXFileReference; fileEncoding = 4; lastKnownFileType = sourcecode.c.objc; path = "NSString+Expand.m"; sourceTree = "<group>"; };
		602747BD1D8FD20200FACC43 /* NSString+Regular.h */ = {isa = PBXFileReference; fileEncoding = 4; lastKnownFileType = sourcecode.c.h; path = "NSString+Regular.h"; sourceTree = "<group>"; };
		602747BE1D8FD20200FACC43 /* NSString+Regular.m */ = {isa = PBXFileReference; fileEncoding = 4; lastKnownFileType = sourcecode.c.objc; path = "NSString+Regular.m"; sourceTree = "<group>"; };
		602747BF1D8FD20200FACC43 /* NSTimer+Expand.h */ = {isa = PBXFileReference; fileEncoding = 4; lastKnownFileType = sourcecode.c.h; path = "NSTimer+Expand.h"; sourceTree = "<group>"; };
		602747C01D8FD20200FACC43 /* NSTimer+Expand.m */ = {isa = PBXFileReference; fileEncoding = 4; lastKnownFileType = sourcecode.c.objc; path = "NSTimer+Expand.m"; sourceTree = "<group>"; };
		602747C21D8FD20200FACC43 /* UIButton+Expand.h */ = {isa = PBXFileReference; fileEncoding = 4; lastKnownFileType = sourcecode.c.h; path = "UIButton+Expand.h"; sourceTree = "<group>"; };
		602747C31D8FD20200FACC43 /* UIButton+Expand.m */ = {isa = PBXFileReference; fileEncoding = 4; lastKnownFileType = sourcecode.c.objc; path = "UIButton+Expand.m"; sourceTree = "<group>"; };
		602747C41D8FD20200FACC43 /* UIColor+Expand.h */ = {isa = PBXFileReference; fileEncoding = 4; lastKnownFileType = sourcecode.c.h; path = "UIColor+Expand.h"; sourceTree = "<group>"; };
		602747C51D8FD20200FACC43 /* UIColor+Expand.m */ = {isa = PBXFileReference; fileEncoding = 4; lastKnownFileType = sourcecode.c.objc; path = "UIColor+Expand.m"; sourceTree = "<group>"; };
		602747C61D8FD20200FACC43 /* UIDevice+Expand.h */ = {isa = PBXFileReference; fileEncoding = 4; lastKnownFileType = sourcecode.c.h; path = "UIDevice+Expand.h"; sourceTree = "<group>"; };
		602747C71D8FD20200FACC43 /* UIDevice+Expand.m */ = {isa = PBXFileReference; fileEncoding = 4; lastKnownFileType = sourcecode.c.objc; path = "UIDevice+Expand.m"; sourceTree = "<group>"; };
		602747C81D8FD20200FACC43 /* UIImage+Expand.h */ = {isa = PBXFileReference; fileEncoding = 4; lastKnownFileType = sourcecode.c.h; path = "UIImage+Expand.h"; sourceTree = "<group>"; };
		602747C91D8FD20200FACC43 /* UIImage+Expand.m */ = {isa = PBXFileReference; fileEncoding = 4; lastKnownFileType = sourcecode.c.objc; path = "UIImage+Expand.m"; sourceTree = "<group>"; };
		602747CA1D8FD20200FACC43 /* UITableView+Expand.h */ = {isa = PBXFileReference; fileEncoding = 4; lastKnownFileType = sourcecode.c.h; path = "UITableView+Expand.h"; sourceTree = "<group>"; };
		602747CB1D8FD20200FACC43 /* UITableView+Expand.m */ = {isa = PBXFileReference; fileEncoding = 4; lastKnownFileType = sourcecode.c.objc; path = "UITableView+Expand.m"; sourceTree = "<group>"; };
		602747CC1D8FD20200FACC43 /* UIView+Animation.h */ = {isa = PBXFileReference; fileEncoding = 4; lastKnownFileType = sourcecode.c.h; path = "UIView+Animation.h"; sourceTree = "<group>"; };
		602747CD1D8FD20200FACC43 /* UIView+Animation.m */ = {isa = PBXFileReference; fileEncoding = 4; lastKnownFileType = sourcecode.c.objc; path = "UIView+Animation.m"; sourceTree = "<group>"; };
		602747CE1D8FD20200FACC43 /* UIView+Background.h */ = {isa = PBXFileReference; fileEncoding = 4; lastKnownFileType = sourcecode.c.h; path = "UIView+Background.h"; sourceTree = "<group>"; };
		602747CF1D8FD20200FACC43 /* UIView+Background.m */ = {isa = PBXFileReference; fileEncoding = 4; lastKnownFileType = sourcecode.c.objc; path = "UIView+Background.m"; sourceTree = "<group>"; };
		602747D01D8FD20200FACC43 /* UIView+Expand.h */ = {isa = PBXFileReference; fileEncoding = 4; lastKnownFileType = sourcecode.c.h; path = "UIView+Expand.h"; sourceTree = "<group>"; };
		602747D11D8FD20200FACC43 /* UIView+Expand.m */ = {isa = PBXFileReference; fileEncoding = 4; lastKnownFileType = sourcecode.c.objc; path = "UIView+Expand.m"; sourceTree = "<group>"; };
		602747D21D8FD20200FACC43 /* UIView+Frame.h */ = {isa = PBXFileReference; fileEncoding = 4; lastKnownFileType = sourcecode.c.h; path = "UIView+Frame.h"; sourceTree = "<group>"; };
		602747D31D8FD20200FACC43 /* UIView+Frame.m */ = {isa = PBXFileReference; fileEncoding = 4; lastKnownFileType = sourcecode.c.objc; path = "UIView+Frame.m"; sourceTree = "<group>"; };
		602747D41D8FD20200FACC43 /* UIView+Gesture.h */ = {isa = PBXFileReference; fileEncoding = 4; lastKnownFileType = sourcecode.c.h; path = "UIView+Gesture.h"; sourceTree = "<group>"; };
		602747D51D8FD20200FACC43 /* UIView+Gesture.m */ = {isa = PBXFileReference; fileEncoding = 4; lastKnownFileType = sourcecode.c.objc; path = "UIView+Gesture.m"; sourceTree = "<group>"; };
		602747D61D8FD20200FACC43 /* UIView+Layer.h */ = {isa = PBXFileReference; fileEncoding = 4; lastKnownFileType = sourcecode.c.h; path = "UIView+Layer.h"; sourceTree = "<group>"; };
		602747D71D8FD20200FACC43 /* UIView+Layer.m */ = {isa = PBXFileReference; fileEncoding = 4; lastKnownFileType = sourcecode.c.objc; path = "UIView+Layer.m"; sourceTree = "<group>"; };
		602747D81D8FD20200FACC43 /* UIViewController+Expand.h */ = {isa = PBXFileReference; fileEncoding = 4; lastKnownFileType = sourcecode.c.h; path = "UIViewController+Expand.h"; sourceTree = "<group>"; };
		602747D91D8FD20200FACC43 /* UIViewController+Expand.m */ = {isa = PBXFileReference; fileEncoding = 4; lastKnownFileType = sourcecode.c.objc; path = "UIViewController+Expand.m"; sourceTree = "<group>"; };
		602747DB1D8FD20200FACC43 /* DTBaseNavigationController.h */ = {isa = PBXFileReference; fileEncoding = 4; lastKnownFileType = sourcecode.c.h; path = DTBaseNavigationController.h; sourceTree = "<group>"; };
		602747DC1D8FD20200FACC43 /* DTBaseNavigationController.m */ = {isa = PBXFileReference; fileEncoding = 4; lastKnownFileType = sourcecode.c.objc; path = DTBaseNavigationController.m; sourceTree = "<group>"; };
		602747DD1D8FD20200FACC43 /* DTBaseTableViewController.h */ = {isa = PBXFileReference; fileEncoding = 4; lastKnownFileType = sourcecode.c.h; path = DTBaseTableViewController.h; sourceTree = "<group>"; };
		602747DE1D8FD20200FACC43 /* DTBaseTableViewController.m */ = {isa = PBXFileReference; fileEncoding = 4; lastKnownFileType = sourcecode.c.objc; path = DTBaseTableViewController.m; sourceTree = "<group>"; };
		602747DF1D8FD20200FACC43 /* DTBaseViewController.h */ = {isa = PBXFileReference; fileEncoding = 4; lastKnownFileType = sourcecode.c.h; path = DTBaseViewController.h; sourceTree = "<group>"; };
		602747E01D8FD20200FACC43 /* DTBaseViewController.m */ = {isa = PBXFileReference; fileEncoding = 4; lastKnownFileType = sourcecode.c.objc; path = DTBaseViewController.m; sourceTree = "<group>"; };
		602747E11D8FD20200FACC43 /* DTGroupTableViewController.h */ = {isa = PBXFileReference; fileEncoding = 4; lastKnownFileType = sourcecode.c.h; path = DTGroupTableViewController.h; sourceTree = "<group>"; };
		602747E21D8FD20200FACC43 /* DTGroupTableViewController.m */ = {isa = PBXFileReference; fileEncoding = 4; lastKnownFileType = sourcecode.c.objc; path = DTGroupTableViewController.m; sourceTree = "<group>"; };
		602747E31D8FD20200FACC43 /* DTWebViewController.h */ = {isa = PBXFileReference; fileEncoding = 4; lastKnownFileType = sourcecode.c.h; path = DTWebViewController.h; sourceTree = "<group>"; };
		602747E41D8FD20200FACC43 /* DTWebViewController.m */ = {isa = PBXFileReference; fileEncoding = 4; lastKnownFileType = sourcecode.c.objc; path = DTWebViewController.m; sourceTree = "<group>"; };
		602747E51D8FD20200FACC43 /* DTKit.h */ = {isa = PBXFileReference; fileEncoding = 4; lastKnownFileType = sourcecode.c.h; path = DTKit.h; sourceTree = "<group>"; };
		602747E71D8FD20200FACC43 /* DTNetworkInfo.h */ = {isa = PBXFileReference; fileEncoding = 4; lastKnownFileType = sourcecode.c.h; path = DTNetworkInfo.h; sourceTree = "<group>"; };
		602747E81D8FD20200FACC43 /* DTNetworkInfo.m */ = {isa = PBXFileReference; fileEncoding = 4; lastKnownFileType = sourcecode.c.objc; path = DTNetworkInfo.m; sourceTree = "<group>"; };
		602747E91D8FD20200FACC43 /* DTTakePhoto.h */ = {isa = PBXFileReference; fileEncoding = 4; lastKnownFileType = sourcecode.c.h; path = DTTakePhoto.h; sourceTree = "<group>"; };
		602747EA1D8FD20200FACC43 /* DTTakePhoto.m */ = {isa = PBXFileReference; fileEncoding = 4; lastKnownFileType = sourcecode.c.objc; path = DTTakePhoto.m; sourceTree = "<group>"; };
		602747EC1D8FD20200FACC43 /* DTAlertView.h */ = {isa = PBXFileReference; fileEncoding = 4; lastKnownFileType = sourcecode.c.h; path = DTAlertView.h; sourceTree = "<group>"; };
		602747ED1D8FD20200FACC43 /* DTAlertView.m */ = {isa = PBXFileReference; fileEncoding = 4; lastKnownFileType = sourcecode.c.objc; path = DTAlertView.m; sourceTree = "<group>"; };
		602747EE1D8FD20200FACC43 /* DTButton.h */ = {isa = PBXFileReference; fileEncoding = 4; lastKnownFileType = sourcecode.c.h; path = DTButton.h; sourceTree = "<group>"; };
		602747EF1D8FD20200FACC43 /* DTButton.m */ = {isa = PBXFileReference; fileEncoding = 4; lastKnownFileType = sourcecode.c.objc; path = DTButton.m; sourceTree = "<group>"; };
		602747F01D8FD20200FACC43 /* DTDateView.h */ = {isa = PBXFileReference; fileEncoding = 4; lastKnownFileType = sourcecode.c.h; path = DTDateView.h; sourceTree = "<group>"; };
		602747F11D8FD20200FACC43 /* DTDateView.m */ = {isa = PBXFileReference; fileEncoding = 4; lastKnownFileType = sourcecode.c.objc; path = DTDateView.m; sourceTree = "<group>"; };
		602747F21D8FD20200FACC43 /* DTNavigationBar.h */ = {isa = PBXFileReference; fileEncoding = 4; lastKnownFileType = sourcecode.c.h; path = DTNavigationBar.h; sourceTree = "<group>"; };
		602747F31D8FD20200FACC43 /* DTNavigationBar.m */ = {isa = PBXFileReference; fileEncoding = 4; lastKnownFileType = sourcecode.c.objc; path = DTNavigationBar.m; sourceTree = "<group>"; };
		602747F41D8FD20200FACC43 /* DTSegmentButton.h */ = {isa = PBXFileReference; fileEncoding = 4; lastKnownFileType = sourcecode.c.h; path = DTSegmentButton.h; sourceTree = "<group>"; };
		602747F51D8FD20200FACC43 /* DTSegmentButton.m */ = {isa = PBXFileReference; fileEncoding = 4; lastKnownFileType = sourcecode.c.objc; path = DTSegmentButton.m; sourceTree = "<group>"; };
		602747F61D8FD20200FACC43 /* DTShadowView.h */ = {isa = PBXFileReference; fileEncoding = 4; lastKnownFileType = sourcecode.c.h; path = DTShadowView.h; sourceTree = "<group>"; };
		602747F71D8FD20200FACC43 /* DTShadowView.m */ = {isa = PBXFileReference; fileEncoding = 4; lastKnownFileType = sourcecode.c.objc; path = DTShadowView.m; sourceTree = "<group>"; };
		60F44E231D87EB9F002CD377 /* DTKitDemo.app */ = {isa = PBXFileReference; explicitFileType = wrapper.application; includeInIndex = 0; path = DTKitDemo.app; sourceTree = BUILT_PRODUCTS_DIR; };
		60F44E271D87EB9F002CD377 /* main.m */ = {isa = PBXFileReference; lastKnownFileType = sourcecode.c.objc; path = main.m; sourceTree = "<group>"; };
		60F44E291D87EB9F002CD377 /* AppDelegate.h */ = {isa = PBXFileReference; lastKnownFileType = sourcecode.c.h; path = AppDelegate.h; sourceTree = "<group>"; };
		60F44E2A1D87EB9F002CD377 /* AppDelegate.m */ = {isa = PBXFileReference; lastKnownFileType = sourcecode.c.objc; path = AppDelegate.m; sourceTree = "<group>"; };
		60F44E2C1D87EB9F002CD377 /* Assets.xcassets */ = {isa = PBXFileReference; lastKnownFileType = folder.assetcatalog; path = Assets.xcassets; sourceTree = "<group>"; };
		60F44E2F1D87EB9F002CD377 /* Base */ = {isa = PBXFileReference; lastKnownFileType = file.storyboard; name = Base; path = Base.lproj/LaunchScreen.storyboard; sourceTree = "<group>"; };
		60F44E311D87EB9F002CD377 /* Info.plist */ = {isa = PBXFileReference; lastKnownFileType = text.plist.xml; path = Info.plist; sourceTree = "<group>"; };
/* End PBXFileReference section */

/* Begin PBXFrameworksBuildPhase section */
		60F44E201D87EB9F002CD377 /* Frameworks */ = {
			isa = PBXFrameworksBuildPhase;
			buildActionMask = 2147483647;
			files = (
			);
			runOnlyForDeploymentPostprocessing = 0;
		};
/* End PBXFrameworksBuildPhase section */

/* Begin PBXGroup section */
		602747A41D8FD20200FACC43 /* DTKit */ = {
			isa = PBXGroup;
			children = (
				602747A51D8FD20200FACC43 /* Base */,
				602747DA1D8FD20200FACC43 /* Controller */,
				602747E51D8FD20200FACC43 /* DTKit.h */,
				602747E61D8FD20200FACC43 /* Utility */,
				602747EB1D8FD20200FACC43 /* Views */,
			);
			path = DTKit;
			sourceTree = "<group>";
		};
		602747A51D8FD20200FACC43 /* Base */ = {
			isa = PBXGroup;
			children = (
				602747A61D8FD20200FACC43 /* DTKitMacro.h */,
				602747A71D8FD20200FACC43 /* DTSingleton.h */,
				602747A81D8FD20200FACC43 /* DTTools.h */,
				602747A91D8FD20200FACC43 /* DTTools.m */,
				602747AA1D8FD20200FACC43 /* Foundation */,
				602747C11D8FD20200FACC43 /* UIKit */,
			);
			path = Base;
			sourceTree = "<group>";
		};
		602747AA1D8FD20200FACC43 /* Foundation */ = {
			isa = PBXGroup;
			children = (
				602747AB1D8FD20200FACC43 /* NSArray+Expand.h */,
				602747AC1D8FD20200FACC43 /* NSArray+Expand.m */,
				602747AD1D8FD20200FACC43 /* NSDate+Expand.h */,
				602747AE1D8FD20200FACC43 /* NSDate+Expand.m */,
				602747AF1D8FD20200FACC43 /* NSDictionary+Expand.h */,
				602747B01D8FD20200FACC43 /* NSDictionary+Expand.m */,
				602747B11D8FD20200FACC43 /* NSFileManager+Expand.h */,
				602747B21D8FD20200FACC43 /* NSFileManager+Expand.m */,
				602747B31D8FD20200FACC43 /* NSObject+Expand.h */,
				602747B41D8FD20200FACC43 /* NSObject+Expand.m */,
				602747B51D8FD20200FACC43 /* NSObject+GCD.h */,
				602747B61D8FD20200FACC43 /* NSObject+GCD.m */,
				602747B71D8FD20200FACC43 /* NSObject+Notification.h */,
				602747B81D8FD20200FACC43 /* NSObject+Notification.m */,
				602747B91D8FD20200FACC43 /* NSObject+SEL.h */,
				602747BA1D8FD20200FACC43 /* NSObject+SEL.m */,
				602747BB1D8FD20200FACC43 /* NSString+Expand.h */,
				602747BC1D8FD20200FACC43 /* NSString+Expand.m */,
				602747BD1D8FD20200FACC43 /* NSString+Regular.h */,
				602747BE1D8FD20200FACC43 /* NSString+Regular.m */,
				602747BF1D8FD20200FACC43 /* NSTimer+Expand.h */,
				602747C01D8FD20200FACC43 /* NSTimer+Expand.m */,
			);
			path = Foundation;
			sourceTree = "<group>";
		};
		602747C11D8FD20200FACC43 /* UIKit */ = {
			isa = PBXGroup;
			children = (
				602747C21D8FD20200FACC43 /* UIButton+Expand.h */,
				602747C31D8FD20200FACC43 /* UIButton+Expand.m */,
				602747C41D8FD20200FACC43 /* UIColor+Expand.h */,
				602747C51D8FD20200FACC43 /* UIColor+Expand.m */,
				602747C61D8FD20200FACC43 /* UIDevice+Expand.h */,
				602747C71D8FD20200FACC43 /* UIDevice+Expand.m */,
				602747C81D8FD20200FACC43 /* UIImage+Expand.h */,
				602747C91D8FD20200FACC43 /* UIImage+Expand.m */,
				602747CA1D8FD20200FACC43 /* UITableView+Expand.h */,
				602747CB1D8FD20200FACC43 /* UITableView+Expand.m */,
				602747CC1D8FD20200FACC43 /* UIView+Animation.h */,
				602747CD1D8FD20200FACC43 /* UIView+Animation.m */,
				602747CE1D8FD20200FACC43 /* UIView+Background.h */,
				602747CF1D8FD20200FACC43 /* UIView+Background.m */,
				602747D01D8FD20200FACC43 /* UIView+Expand.h */,
				602747D11D8FD20200FACC43 /* UIView+Expand.m */,
				602747D21D8FD20200FACC43 /* UIView+Frame.h */,
				602747D31D8FD20200FACC43 /* UIView+Frame.m */,
				602747D41D8FD20200FACC43 /* UIView+Gesture.h */,
				602747D51D8FD20200FACC43 /* UIView+Gesture.m */,
				602747D61D8FD20200FACC43 /* UIView+Layer.h */,
				602747D71D8FD20200FACC43 /* UIView+Layer.m */,
				602747D81D8FD20200FACC43 /* UIViewController+Expand.h */,
				602747D91D8FD20200FACC43 /* UIViewController+Expand.m */,
			);
			path = UIKit;
			sourceTree = "<group>";
		};
		602747DA1D8FD20200FACC43 /* Controller */ = {
			isa = PBXGroup;
			children = (
				602747DB1D8FD20200FACC43 /* DTBaseNavigationController.h */,
				602747DC1D8FD20200FACC43 /* DTBaseNavigationController.m */,
				602747DD1D8FD20200FACC43 /* DTBaseTableViewController.h */,
				602747DE1D8FD20200FACC43 /* DTBaseTableViewController.m */,
				602747DF1D8FD20200FACC43 /* DTBaseViewController.h */,
				602747E01D8FD20200FACC43 /* DTBaseViewController.m */,
				602747E11D8FD20200FACC43 /* DTGroupTableViewController.h */,
				602747E21D8FD20200FACC43 /* DTGroupTableViewController.m */,
				602747E31D8FD20200FACC43 /* DTWebViewController.h */,
				602747E41D8FD20200FACC43 /* DTWebViewController.m */,
			);
			path = Controller;
			sourceTree = "<group>";
		};
		602747E61D8FD20200FACC43 /* Utility */ = {
			isa = PBXGroup;
			children = (
				602747E71D8FD20200FACC43 /* DTNetworkInfo.h */,
				602747E81D8FD20200FACC43 /* DTNetworkInfo.m */,
				602747E91D8FD20200FACC43 /* DTTakePhoto.h */,
				602747EA1D8FD20200FACC43 /* DTTakePhoto.m */,
			);
			path = Utility;
			sourceTree = "<group>";
		};
		602747EB1D8FD20200FACC43 /* Views */ = {
			isa = PBXGroup;
			children = (
				602747EC1D8FD20200FACC43 /* DTAlertView.h */,
				602747ED1D8FD20200FACC43 /* DTAlertView.m */,
				602747EE1D8FD20200FACC43 /* DTButton.h */,
				602747EF1D8FD20200FACC43 /* DTButton.m */,
				602747F01D8FD20200FACC43 /* DTDateView.h */,
				602747F11D8FD20200FACC43 /* DTDateView.m */,
				602747F21D8FD20200FACC43 /* DTNavigationBar.h */,
				602747F31D8FD20200FACC43 /* DTNavigationBar.m */,
				602747F41D8FD20200FACC43 /* DTSegmentButton.h */,
				602747F51D8FD20200FACC43 /* DTSegmentButton.m */,
				602747F61D8FD20200FACC43 /* DTShadowView.h */,
				602747F71D8FD20200FACC43 /* DTShadowView.m */,
			);
			path = Views;
			sourceTree = "<group>";
		};
		60F44E1A1D87EB9F002CD377 = {
			isa = PBXGroup;
			children = (
				602747A41D8FD20200FACC43 /* DTKit */,
				60F44E251D87EB9F002CD377 /* DTKitDemo */,
				60F44E241D87EB9F002CD377 /* Products */,
			);
			sourceTree = "<group>";
		};
		60F44E241D87EB9F002CD377 /* Products */ = {
			isa = PBXGroup;
			children = (
				60F44E231D87EB9F002CD377 /* DTKitDemo.app */,
			);
			name = Products;
			sourceTree = "<group>";
		};
		60F44E251D87EB9F002CD377 /* DTKitDemo */ = {
			isa = PBXGroup;
			children = (
				60F44E291D87EB9F002CD377 /* AppDelegate.h */,
				60F44E2A1D87EB9F002CD377 /* AppDelegate.m */,
				6027479D1D8FC3C900FACC43 /* DTTestViewController.h */,
				6027479E1D8FC3C900FACC43 /* DTTestViewController.m */,
				60F44E2C1D87EB9F002CD377 /* Assets.xcassets */,
				60F44E2E1D87EB9F002CD377 /* LaunchScreen.storyboard */,
				60F44E311D87EB9F002CD377 /* Info.plist */,
				60F44E261D87EB9F002CD377 /* Supporting Files */,
			);
			path = DTKitDemo;
			sourceTree = "<group>";
		};
		60F44E261D87EB9F002CD377 /* Supporting Files */ = {
			isa = PBXGroup;
			children = (
				60F44E271D87EB9F002CD377 /* main.m */,
			);
			name = "Supporting Files";
			sourceTree = "<group>";
		};
/* End PBXGroup section */

/* Begin PBXNativeTarget section */
		60F44E221D87EB9F002CD377 /* DTKitDemo */ = {
			isa = PBXNativeTarget;
			buildConfigurationList = 60F44E341D87EB9F002CD377 /* Build configuration list for PBXNativeTarget "DTKitDemo" */;
			buildPhases = (
				60F44E1F1D87EB9F002CD377 /* Sources */,
				60F44E201D87EB9F002CD377 /* Frameworks */,
				60F44E211D87EB9F002CD377 /* Resources */,
			);
			buildRules = (
			);
			dependencies = (
			);
			name = DTKitDemo;
			productName = DTKitDemo;
			productReference = 60F44E231D87EB9F002CD377 /* DTKitDemo.app */;
			productType = "com.apple.product-type.application";
		};
/* End PBXNativeTarget section */

/* Begin PBXProject section */
		60F44E1B1D87EB9F002CD377 /* Project object */ = {
			isa = PBXProject;
			attributes = {
				LastUpgradeCheck = 0800;
				ORGANIZATIONNAME = zhaojh;
				TargetAttributes = {
					60F44E221D87EB9F002CD377 = {
						CreatedOnToolsVersion = 7.3.1;
						DevelopmentTeam = 834DBS389Z;
					};
				};
			};
			buildConfigurationList = 60F44E1E1D87EB9F002CD377 /* Build configuration list for PBXProject "DTKitDemo" */;
			compatibilityVersion = "Xcode 3.2";
			developmentRegion = English;
			hasScannedForEncodings = 0;
			knownRegions = (
				en,
				Base,
			);
			mainGroup = 60F44E1A1D87EB9F002CD377;
			productRefGroup = 60F44E241D87EB9F002CD377 /* Products */;
			projectDirPath = "";
			projectRoot = "";
			targets = (
				60F44E221D87EB9F002CD377 /* DTKitDemo */,
			);
		};
/* End PBXProject section */

/* Begin PBXResourcesBuildPhase section */
		60F44E211D87EB9F002CD377 /* Resources */ = {
			isa = PBXResourcesBuildPhase;
			buildActionMask = 2147483647;
			files = (
				60F44E2D1D87EB9F002CD377 /* Assets.xcassets in Resources */,
				60F44E301D87EB9F002CD377 /* LaunchScreen.storyboard in Resources */,
			);
			runOnlyForDeploymentPostprocessing = 0;
		};
/* End PBXResourcesBuildPhase section */

/* Begin PBXSourcesBuildPhase section */
		60F44E1F1D87EB9F002CD377 /* Sources */ = {
			isa = PBXSourcesBuildPhase;
			buildActionMask = 2147483647;
			files = (
				6027480C1D8FD20200FACC43 /* UIView+Frame.m in Sources */,
				602747FC1D8FD20200FACC43 /* NSFileManager+Expand.m in Sources */,
				602748101D8FD20200FACC43 /* DTBaseNavigationController.m in Sources */,
				6027480F1D8FD20200FACC43 /* UIViewController+Expand.m in Sources */,
				602748041D8FD20200FACC43 /* UIButton+Expand.m in Sources */,
				602748141D8FD20200FACC43 /* DTWebViewController.m in Sources */,
				602748011D8FD20200FACC43 /* NSString+Expand.m in Sources */,
				6027479F1D8FC3C900FACC43 /* DTTestViewController.m in Sources */,
				602747FE1D8FD20200FACC43 /* NSObject+GCD.m in Sources */,
				602748191D8FD20200FACC43 /* DTDateView.m in Sources */,
				6027481C1D8FD20200FACC43 /* DTShadowView.m in Sources */,
				602747F81D8FD20200FACC43 /* DTTools.m in Sources */,
				6027480A1D8FD20200FACC43 /* UIView+Background.m in Sources */,
				602748131D8FD20200FACC43 /* DTGroupTableViewController.m in Sources */,
				6027481A1D8FD20200FACC43 /* DTNavigationBar.m in Sources */,
				602748001D8FD20200FACC43 /* NSObject+SEL.m in Sources */,
				602748021D8FD20200FACC43 /* NSString+Regular.m in Sources */,
				602747FF1D8FD20200FACC43 /* NSObject+Notification.m in Sources */,
				602748151D8FD20200FACC43 /* DTNetworkInfo.m in Sources */,
				602748031D8FD20200FACC43 /* NSTimer+Expand.m in Sources */,
				602748181D8FD20200FACC43 /* DTButton.m in Sources */,
				602747FA1D8FD20200FACC43 /* NSDate+Expand.m in Sources */,
				602748051D8FD20200FACC43 /* UIColor+Expand.m in Sources */,
				602748071D8FD20200FACC43 /* UIImage+Expand.m in Sources */,
				60F44E2B1D87EB9F002CD377 /* AppDelegate.m in Sources */,
				602748061D8FD20200FACC43 /* UIDevice+Expand.m in Sources */,
				602748171D8FD20200FACC43 /* DTAlertView.m in Sources */,
				602748091D8FD20200FACC43 /* UIView+Animation.m in Sources */,
				6027480E1D8FD20200FACC43 /* UIView+Layer.m in Sources */,
				602748081D8FD20200FACC43 /* UITableView+Expand.m in Sources */,
				602748161D8FD20200FACC43 /* DTTakePhoto.m in Sources */,
				6027481B1D8FD20200FACC43 /* DTSegmentButton.m in Sources */,
				602747F91D8FD20200FACC43 /* NSArray+Expand.m in Sources */,
				6027480B1D8FD20200FACC43 /* UIView+Expand.m in Sources */,
				602747FD1D8FD20200FACC43 /* NSObject+Expand.m in Sources */,
				602748121D8FD20200FACC43 /* DTBaseViewController.m in Sources */,
				6027480D1D8FD20200FACC43 /* UIView+Gesture.m in Sources */,
				602747FB1D8FD20200FACC43 /* NSDictionary+Expand.m in Sources */,
				60F44E281D87EB9F002CD377 /* main.m in Sources */,
				602748111D8FD20200FACC43 /* DTBaseTableViewController.m in Sources */,
			);
			runOnlyForDeploymentPostprocessing = 0;
		};
/* End PBXSourcesBuildPhase section */

/* Begin PBXVariantGroup section */
		60F44E2E1D87EB9F002CD377 /* LaunchScreen.storyboard */ = {
			isa = PBXVariantGroup;
			children = (
				60F44E2F1D87EB9F002CD377 /* Base */,
			);
			name = LaunchScreen.storyboard;
			sourceTree = "<group>";
		};
/* End PBXVariantGroup section */

/* Begin XCBuildConfiguration section */
		60F44E321D87EB9F002CD377 /* Debug */ = {
			isa = XCBuildConfiguration;
			buildSettings = {
				ALWAYS_SEARCH_USER_PATHS = NO;
				CLANG_ANALYZER_NONNULL = YES;
				CLANG_CXX_LANGUAGE_STANDARD = "gnu++0x";
				CLANG_CXX_LIBRARY = "libc++";
				CLANG_ENABLE_MODULES = YES;
				CLANG_ENABLE_OBJC_ARC = YES;
				CLANG_WARN_BOOL_CONVERSION = YES;
				CLANG_WARN_CONSTANT_CONVERSION = YES;
				CLANG_WARN_DIRECT_OBJC_ISA_USAGE = YES_ERROR;
				CLANG_WARN_EMPTY_BODY = YES;
				CLANG_WARN_ENUM_CONVERSION = YES;
				CLANG_WARN_INFINITE_RECURSION = YES;
				CLANG_WARN_INT_CONVERSION = YES;
				CLANG_WARN_OBJC_ROOT_CLASS = YES_ERROR;
				CLANG_WARN_SUSPICIOUS_MOVE = YES;
				CLANG_WARN_UNREACHABLE_CODE = YES;
				CLANG_WARN__DUPLICATE_METHOD_MATCH = YES;
				"CODE_SIGN_IDENTITY[sdk=iphoneos*]" = "iPhone Developer";
				COPY_PHASE_STRIP = NO;
				DEBUG_INFORMATION_FORMAT = dwarf;
				ENABLE_STRICT_OBJC_MSGSEND = YES;
				ENABLE_TESTABILITY = YES;
				GCC_C_LANGUAGE_STANDARD = gnu99;
				GCC_DYNAMIC_NO_PIC = NO;
				GCC_NO_COMMON_BLOCKS = YES;
				GCC_OPTIMIZATION_LEVEL = 0;
				GCC_PREPROCESSOR_DEFINITIONS = (
					"DEBUG=1",
					"$(inherited)",
				);
				GCC_WARN_64_TO_32_BIT_CONVERSION = YES;
				GCC_WARN_ABOUT_RETURN_TYPE = YES_ERROR;
				GCC_WARN_UNDECLARED_SELECTOR = YES;
				GCC_WARN_UNINITIALIZED_AUTOS = YES_AGGRESSIVE;
				GCC_WARN_UNUSED_FUNCTION = YES;
				GCC_WARN_UNUSED_VARIABLE = YES;
				IPHONEOS_DEPLOYMENT_TARGET = 9.3;
				MTL_ENABLE_DEBUG_INFO = YES;
				ONLY_ACTIVE_ARCH = YES;
				SDKROOT = iphoneos;
			};
			name = Debug;
		};
		60F44E331D87EB9F002CD377 /* Release */ = {
			isa = XCBuildConfiguration;
			buildSettings = {
				ALWAYS_SEARCH_USER_PATHS = NO;
				CLANG_ANALYZER_NONNULL = YES;
				CLANG_CXX_LANGUAGE_STANDARD = "gnu++0x";
				CLANG_CXX_LIBRARY = "libc++";
				CLANG_ENABLE_MODULES = YES;
				CLANG_ENABLE_OBJC_ARC = YES;
				CLANG_WARN_BOOL_CONVERSION = YES;
				CLANG_WARN_CONSTANT_CONVERSION = YES;
				CLANG_WARN_DIRECT_OBJC_ISA_USAGE = YES_ERROR;
				CLANG_WARN_EMPTY_BODY = YES;
				CLANG_WARN_ENUM_CONVERSION = YES;
				CLANG_WARN_INFINITE_RECURSION = YES;
				CLANG_WARN_INT_CONVERSION = YES;
				CLANG_WARN_OBJC_ROOT_CLASS = YES_ERROR;
				CLANG_WARN_SUSPICIOUS_MOVE = YES;
				CLANG_WARN_UNREACHABLE_CODE = YES;
				CLANG_WARN__DUPLICATE_METHOD_MATCH = YES;
				"CODE_SIGN_IDENTITY[sdk=iphoneos*]" = "iPhone Developer";
				COPY_PHASE_STRIP = NO;
				DEBUG_INFORMATION_FORMAT = "dwarf-with-dsym";
				ENABLE_NS_ASSERTIONS = NO;
				ENABLE_STRICT_OBJC_MSGSEND = YES;
				GCC_C_LANGUAGE_STANDARD = gnu99;
				GCC_NO_COMMON_BLOCKS = YES;
				GCC_WARN_64_TO_32_BIT_CONVERSION = YES;
				GCC_WARN_ABOUT_RETURN_TYPE = YES_ERROR;
				GCC_WARN_UNDECLARED_SELECTOR = YES;
				GCC_WARN_UNINITIALIZED_AUTOS = YES_AGGRESSIVE;
				GCC_WARN_UNUSED_FUNCTION = YES;
				GCC_WARN_UNUSED_VARIABLE = YES;
				IPHONEOS_DEPLOYMENT_TARGET = 9.3;
				MTL_ENABLE_DEBUG_INFO = NO;
				SDKROOT = iphoneos;
				VALIDATE_PRODUCT = YES;
			};
			name = Release;
		};
		60F44E351D87EB9F002CD377 /* Debug */ = {
			isa = XCBuildConfiguration;
			buildSettings = {
				ASSETCATALOG_COMPILER_APPICON_NAME = AppIcon;
				DEVELOPMENT_TEAM = 834DBS389Z;
				INFOPLIST_FILE = DTKitDemo/Info.plist;
				LD_RUNPATH_SEARCH_PATHS = "$(inherited) @executable_path/Frameworks";
				PRODUCT_BUNDLE_IDENTIFIER = com.lebopark.DTKitDemo;
				PRODUCT_NAME = "$(TARGET_NAME)";
			};
			name = Debug;
		};
		60F44E361D87EB9F002CD377 /* Release */ = {
			isa = XCBuildConfiguration;
			buildSettings = {
				ASSETCATALOG_COMPILER_APPICON_NAME = AppIcon;
				DEVELOPMENT_TEAM = 834DBS389Z;
				INFOPLIST_FILE = DTKitDemo/Info.plist;
				LD_RUNPATH_SEARCH_PATHS = "$(inherited) @executable_path/Frameworks";
				PRODUCT_BUNDLE_IDENTIFIER = com.lebopark.DTKitDemo;
				PRODUCT_NAME = "$(TARGET_NAME)";
			};
			name = Release;
		};
/* End XCBuildConfiguration section */

/* Begin XCConfigurationList section */
		60F44E1E1D87EB9F002CD377 /* Build configuration list for PBXProject "DTKitDemo" */ = {
			isa = XCConfigurationList;
			buildConfigurations = (
				60F44E321D87EB9F002CD377 /* Debug */,
				60F44E331D87EB9F002CD377 /* Release */,
			);
			defaultConfigurationIsVisible = 0;
			defaultConfigurationName = Release;
		};
		60F44E341D87EB9F002CD377 /* Build configuration list for PBXNativeTarget "DTKitDemo" */ = {
			isa = XCConfigurationList;
			buildConfigurations = (
				60F44E351D87EB9F002CD377 /* Debug */,
				60F44E361D87EB9F002CD377 /* Release */,
			);
			defaultConfigurationIsVisible = 0;
			defaultConfigurationName = Release;
		};
/* End XCConfigurationList section */
	};
	rootObject = 60F44E1B1D87EB9F002CD377 /* Project object */;
}
