// !$*UTF8*$!
{
	archiveVersion = 1;
	classes = {
	};
	objectVersion = 46;
	objects = {

/* Begin PBXBuildFile section */
		60F44DEE1D87E64F002CD377 /* main.m in Sources */ = {isa = PBXBuildFile; fileRef = 60F44DED1D87E64F002CD377 /* main.m */; };
		60F44DF11D87E64F002CD377 /* AppDelegate.m in Sources */ = {isa = PBXBuildFile; fileRef = 60F44DF01D87E64F002CD377 /* AppDelegate.m */; };
		60F44DF31D87E64F002CD377 /* Assets.xcassets in Resources */ = {isa = PBXBuildFile; fileRef = 60F44DF21D87E64F002CD377 /* Assets.xcassets */; };
		60F44DF61D87E64F002CD377 /* LaunchScreen.storyboard in Resources */ = {isa = PBXBuildFile; fileRef = 60F44DF41D87E64F002CD377 /* LaunchScreen.storyboard */; };
/* End PBXBuildFile section */

/* Begin PBXFileReference section */
		60F44DE91D87E64F002CD377 /* DTKit.app */ = {isa = PBXFileReference; explicitFileType = wrapper.application; includeInIndex = 0; path = DTKit.app; sourceTree = BUILT_PRODUCTS_DIR; };
		60F44DED1D87E64F002CD377 /* main.m */ = {isa = PBXFileReference; lastKnownFileType = sourcecode.c.objc; path = main.m; sourceTree = "<group>"; };
		60F44DEF1D87E64F002CD377 /* AppDelegate.h */ = {isa = PBXFileReference; lastKnownFileType = sourcecode.c.h; path = AppDelegate.h; sourceTree = "<group>"; };
		60F44DF01D87E64F002CD377 /* AppDelegate.m */ = {isa = PBXFileReference; lastKnownFileType = sourcecode.c.objc; path = AppDelegate.m; sourceTree = "<group>"; };
		60F44DF21D87E64F002CD377 /* Assets.xcassets */ = {isa = PBXFileReference; lastKnownFileType = folder.assetcatalog; path = Assets.xcassets; sourceTree = "<group>"; };
		60F44DF51D87E64F002CD377 /* Base */ = {isa = PBXFileReference; lastKnownFileType = file.storyboard; name = Base; path = Base.lproj/LaunchScreen.storyboard; sourceTree = "<group>"; };
		60F44DF71D87E64F002CD377 /* Info.plist */ = {isa = PBXFileReference; lastKnownFileType = text.plist.xml; path = Info.plist; sourceTree = "<group>"; };
/* End PBXFileReference section */

/* Begin PBXFrameworksBuildPhase section */
		60F44DE61D87E64F002CD377 /* Frameworks */ = {
			isa = PBXFrameworksBuildPhase;
			buildActionMask = 2147483647;
			files = (
			);
			runOnlyForDeploymentPostprocessing = 0;
		};
/* End PBXFrameworksBuildPhase section */

/* Begin PBXGroup section */
		60F44DE01D87E64F002CD377 = {
			isa = PBXGroup;
			children = (
				60F44DEB1D87E64F002CD377 /* DTKit */,
				60F44DEA1D87E64F002CD377 /* Products */,
			);
			sourceTree = "<group>";
		};
		60F44DEA1D87E64F002CD377 /* Products */ = {
			isa = PBXGroup;
			children = (
				60F44DE91D87E64F002CD377 /* DTKit.app */,
			);
			name = Products;
			sourceTree = "<group>";
		};
		60F44DEB1D87E64F002CD377 /* DTKit */ = {
			isa = PBXGroup;
			children = (
				60F44DEF1D87E64F002CD377 /* AppDelegate.h */,
				60F44DF01D87E64F002CD377 /* AppDelegate.m */,
				60F44DF21D87E64F002CD377 /* Assets.xcassets */,
				60F44DF41D87E64F002CD377 /* LaunchScreen.storyboard */,
				60F44DF71D87E64F002CD377 /* Info.plist */,
				60F44DEC1D87E64F002CD377 /* Supporting Files */,
			);
			path = DTKit;
			sourceTree = "<group>";
		};
		60F44DEC1D87E64F002CD377 /* Supporting Files */ = {
			isa = PBXGroup;
			children = (
				60F44DED1D87E64F002CD377 /* main.m */,
			);
			name = "Supporting Files";
			sourceTree = "<group>";
		};
/* End PBXGroup section */

/* Begin PBXNativeTarget section */
		60F44DE81D87E64F002CD377 /* DTKit */ = {
			isa = PBXNativeTarget;
			buildConfigurationList = 60F44DFA1D87E64F002CD377 /* Build configuration list for PBXNativeTarget "DTKit" */;
			buildPhases = (
				60F44DE51D87E64F002CD377 /* Sources */,
				60F44DE61D87E64F002CD377 /* Frameworks */,
				60F44DE71D87E64F002CD377 /* Resources */,
			);
			buildRules = (
			);
			dependencies = (
			);
			name = DTKit;
			productName = DTKit;
			productReference = 60F44DE91D87E64F002CD377 /* DTKit.app */;
			productType = "com.apple.product-type.application";
		};
/* End PBXNativeTarget section */

/* Begin PBXProject section */
		60F44DE11D87E64F002CD377 /* Project object */ = {
			isa = PBXProject;
			attributes = {
				LastUpgradeCheck = 0730;
				ORGANIZATIONNAME = zhaojh;
				TargetAttributes = {
					60F44DE81D87E64F002CD377 = {
						CreatedOnToolsVersion = 7.3.1;
					};
				};
			};
			buildConfigurationList = 60F44DE41D87E64F002CD377 /* Build configuration list for PBXProject "DTKit" */;
			compatibilityVersion = "Xcode 3.2";
			developmentRegion = English;
			hasScannedForEncodings = 0;
			knownRegions = (
				en,
				Base,
			);
			mainGroup = 60F44DE01D87E64F002CD377;
			productRefGroup = 60F44DEA1D87E64F002CD377 /* Products */;
			projectDirPath = "";
			projectRoot = "";
			targets = (
				60F44DE81D87E64F002CD377 /* DTKit */,
			);
		};
/* End PBXProject section */

/* Begin PBXResourcesBuildPhase section */
		60F44DE71D87E64F002CD377 /* Resources */ = {
			isa = PBXResourcesBuildPhase;
			buildActionMask = 2147483647;
			files = (
				60F44DF31D87E64F002CD377 /* Assets.xcassets in Resources */,
				60F44DF61D87E64F002CD377 /* LaunchScreen.storyboard in Resources */,
			);
			runOnlyForDeploymentPostprocessing = 0;
		};
/* End PBXResourcesBuildPhase section */

/* Begin PBXSourcesBuildPhase section */
		60F44DE51D87E64F002CD377 /* Sources */ = {
			isa = PBXSourcesBuildPhase;
			buildActionMask = 2147483647;
			files = (
				60F44DF11D87E64F002CD377 /* AppDelegate.m in Sources */,
				60F44DEE1D87E64F002CD377 /* main.m in Sources */,
			);
			runOnlyForDeploymentPostprocessing = 0;
		};
/* End PBXSourcesBuildPhase section */

/* Begin PBXVariantGroup section */
		60F44DF41D87E64F002CD377 /* LaunchScreen.storyboard */ = {
			isa = PBXVariantGroup;
			children = (
				60F44DF51D87E64F002CD377 /* Base */,
			);
			name = LaunchScreen.storyboard;
			sourceTree = "<group>";
		};
/* End PBXVariantGroup section */

/* Begin XCBuildConfiguration section */
		60F44DF81D87E64F002CD377 /* Debug */ = {
			isa = XCBuildConfiguration;
			buildSettings = {
				ALWAYS_SEARCH_USER_PATHS = NO;
				CLANG_ANALYZER_NONNULL = YES;
				CLANG_CXX_LANGUAGE_STANDARD = "gnu++0x";
				CLANG_CXX_LIBRARY = "libc++";
				CLANG_ENABLE_MODULES = YES;
				CLANG_ENABLE_OBJC_ARC = YES;
				CLANG_WARN_BOOL_CONVERSION = YES;
				CLANG_WARN_CONSTANT_CONVERSION = YES;
				CLANG_WARN_DIRECT_OBJC_ISA_USAGE = YES_ERROR;
				CLANG_WARN_EMPTY_BODY = YES;
				CLANG_WARN_ENUM_CONVERSION = YES;
				CLANG_WARN_INT_CONVERSION = YES;
				CLANG_WARN_OBJC_ROOT_CLASS = YES_ERROR;
				CLANG_WARN_UNREACHABLE_CODE = YES;
				CLANG_WARN__DUPLICATE_METHOD_MATCH = YES;
				"CODE_SIGN_IDENTITY[sdk=iphoneos*]" = "iPhone Developer";
				COPY_PHASE_STRIP = NO;
				DEBUG_INFORMATION_FORMAT = dwarf;
				ENABLE_STRICT_OBJC_MSGSEND = YES;
				ENABLE_TESTABILITY = YES;
				GCC_C_LANGUAGE_STANDARD = gnu99;
				GCC_DYNAMIC_NO_PIC = NO;
				GCC_NO_COMMON_BLOCKS = YES;
				GCC_OPTIMIZATION_LEVEL = 0;
				GCC_PREPROCESSOR_DEFINITIONS = (
					"DEBUG=1",
					"$(inherited)",
				);
				GCC_WARN_64_TO_32_BIT_CONVERSION = YES;
				GCC_WARN_ABOUT_RETURN_TYPE = YES_ERROR;
				GCC_WARN_UNDECLARED_SELECTOR = YES;
				GCC_WARN_UNINITIALIZED_AUTOS = YES_AGGRESSIVE;
				GCC_WARN_UNUSED_FUNCTION = YES;
				GCC_WARN_UNUSED_VARIABLE = YES;
				IPHONEOS_DEPLOYMENT_TARGET = 9.3;
				MTL_ENABLE_DEBUG_INFO = YES;
				ONLY_ACTIVE_ARCH = YES;
				SDKROOT = iphoneos;
			};
			name = Debug;
		};
		60F44DF91D87E64F002CD377 /* Release */ = {
			isa = XCBuildConfiguration;
			buildSettings = {
				ALWAYS_SEARCH_USER_PATHS = NO;
				CLANG_ANALYZER_NONNULL = YES;
				CLANG_CXX_LANGUAGE_STANDARD = "gnu++0x";
				CLANG_CXX_LIBRARY = "libc++";
				CLANG_ENABLE_MODULES = YES;
				CLANG_ENABLE_OBJC_ARC = YES;
				CLANG_WARN_BOOL_CONVERSION = YES;
				CLANG_WARN_CONSTANT_CONVERSION = YES;
				CLANG_WARN_DIRECT_OBJC_ISA_USAGE = YES_ERROR;
				CLANG_WARN_EMPTY_BODY = YES;
				CLANG_WARN_ENUM_CONVERSION = YES;
				CLANG_WARN_INT_CONVERSION = YES;
				CLANG_WARN_OBJC_ROOT_CLASS = YES_ERROR;
				CLANG_WARN_UNREACHABLE_CODE = YES;
				CLANG_WARN__DUPLICATE_METHOD_MATCH = YES;
				"CODE_SIGN_IDENTITY[sdk=iphoneos*]" = "iPhone Developer";
				COPY_PHASE_STRIP = NO;
				DEBUG_INFORMATION_FORMAT = "dwarf-with-dsym";
				ENABLE_NS_ASSERTIONS = NO;
				ENABLE_STRICT_OBJC_MSGSEND = YES;
				GCC_C_LANGUAGE_STANDARD = gnu99;
				GCC_NO_COMMON_BLOCKS = YES;
				GCC_WARN_64_TO_32_BIT_CONVERSION = YES;
				GCC_WARN_ABOUT_RETURN_TYPE = YES_ERROR;
				GCC_WARN_UNDECLARED_SELECTOR = YES;
				GCC_WARN_UNINITIALIZED_AUTOS = YES_AGGRESSIVE;
				GCC_WARN_UNUSED_FUNCTION = YES;
				GCC_WARN_UNUSED_VARIABLE = YES;
				IPHONEOS_DEPLOYMENT_TARGET = 9.3;
				MTL_ENABLE_DEBUG_INFO = NO;
				SDKROOT = iphoneos;
				VALIDATE_PRODUCT = YES;
			};
			name = Release;
		};
		60F44DFB1D87E64F002CD377 /* Debug */ = {
			isa = XCBuildConfiguration;
			buildSettings = {
				ASSETCATALOG_COMPILER_APPICON_NAME = AppIcon;
				INFOPLIST_FILE = DTKit/Info.plist;
				LD_RUNPATH_SEARCH_PATHS = "$(inherited) @executable_path/Frameworks";
				PRODUCT_BUNDLE_IDENTIFIER = com.lebopark.DTKit;
				PRODUCT_NAME = "$(TARGET_NAME)";
			};
			name = Debug;
		};
		60F44DFC1D87E64F002CD377 /* Release */ = {
			isa = XCBuildConfiguration;
			buildSettings = {
				ASSETCATALOG_COMPILER_APPICON_NAME = AppIcon;
				INFOPLIST_FILE = DTKit/Info.plist;
				LD_RUNPATH_SEARCH_PATHS = "$(inherited) @executable_path/Frameworks";
				PRODUCT_BUNDLE_IDENTIFIER = com.lebopark.DTKit;
				PRODUCT_NAME = "$(TARGET_NAME)";
			};
			name = Release;
		};
/* End XCBuildConfiguration section */

/* Begin XCConfigurationList section */
		60F44DE41D87E64F002CD377 /* Build configuration list for PBXProject "DTKit" */ = {
			isa = XCConfigurationList;
			buildConfigurations = (
				60F44DF81D87E64F002CD377 /* Debug */,
				60F44DF91D87E64F002CD377 /* Release */,
			);
			defaultConfigurationIsVisible = 0;
			defaultConfigurationName = Release;
		};
		60F44DFA1D87E64F002CD377 /* Build configuration list for PBXNativeTarget "DTKit" */ = {
			isa = XCConfigurationList;
			buildConfigurations = (
				60F44DFB1D87E64F002CD377 /* Debug */,
				60F44DFC1D87E64F002CD377 /* Release */,
			);
			defaultConfigurationIsVisible = 0;
		};
/* End XCConfigurationList section */
	};
	rootObject = 60F44DE11D87E64F002CD377 /* Project object */;
}
